
Microsoft Visual Studio Solution File, Format Version 12.00
# Visual Studio Version 16
VisualStudioVersion = 16.0.31729.503
MinimumVisualStudioVersion = 10.0.40219.1
Project("{FAE04EC0-301F-11D3-BF4B-00C04F79EFBC}") = "Clases", "Entidades\Clases.csproj", "{2B9BC5FB-BD7F-4E08-B0E7-33EACB507EDC}"
EndProject
Project("{FAE04EC0-301F-11D3-BF4B-00C04F79EFBC}") = "Formularios", "Formularios\Formularios.csproj", "{34B31C51-D4DC-4F98-9568-C88FEEC5D980}"
EndProject
Project("{FAE04EC0-301F-11D3-BF4B-00C04F79EFBC}") = "UnitTests", "UnitTests\UnitTests.csproj", "{A7C6F948-913A-4AF5-A2D0-48B9AED21C86}"
EndProject
Global
	GlobalSection(SolutionConfigurationPlatforms) = preSolution
		Debug|Any CPU = Debug|Any CPU
		Release|Any CPU = Release|Any CPU
	EndGlobalSection
	GlobalSection(ProjectConfigurationPlatforms) = postSolution
		{2B9BC5FB-BD7F-4E08-B0E7-33EACB507EDC}.Debug|Any CPU.ActiveCfg = Debug|Any CPU
		{2B9BC5FB-BD7F-4E08-B0E7-33EACB507EDC}.Debug|Any CPU.Build.0 = Debug|Any CPU
		{2B9BC5FB-BD7F-4E08-B0E7-33EACB507EDC}.Release|Any CPU.ActiveCfg = Release|Any CPU
		{2B9BC5FB-BD7F-4E08-B0E7-33EACB507EDC}.Release|Any CPU.Build.0 = Release|Any CPU
		{34B31C51-D4DC-4F98-9568-C88FEEC5D980}.Debug|Any CPU.ActiveCfg = Debug|Any CPU
		{34B31C51-D4DC-4F98-9568-C88FEEC5D980}.Debug|Any CPU.Build.0 = Debug|Any CPU
		{34B31C51-D4DC-4F98-9568-C88FEEC5D980}.Release|Any CPU.ActiveCfg = Release|Any CPU
		{34B31C51-D4DC-4F98-9568-C88FEEC5D980}.Release|Any CPU.Build.0 = Release|Any CPU
		{A7C6F948-913A-4AF5-A2D0-48B9AED21C86}.Debug|Any CPU.ActiveCfg = Debug|Any CPU
		{A7C6F948-913A-4AF5-A2D0-48B9AED21C86}.Debug|Any CPU.Build.0 = Debug|Any CPU
		{A7C6F948-913A-4AF5-A2D0-48B9AED21C86}.Release|Any CPU.ActiveCfg = Release|Any CPU
		{A7C6F948-913A-4AF5-A2D0-48B9AED21C86}.Release|Any CPU.Build.0 = Release|Any CPU
	EndGlobalSection
	GlobalSection(SolutionProperties) = preSolution
		HideSolutionNode = FALSE
	EndGlobalSection
	GlobalSection(ExtensibilityGlobals) = postSolution
		SolutionGuid = {8E315AB2-8677-4574-92CF-77DDE869CBA1}
	EndGlobalSection
EndGlobal
